{
  "object": {
    "pins": [
      {
        "package": "HsExtensions.Swift",
        "repositoryURL": "https://github.com/BoRoZzz/HsExtensions.git",
        "state": {
          "branch": "main",
          "revision": "0be25541eaf67051a34d8e08c7108cf44478fb78",
          "version": null
        }
      }
    ]
  },
  "version": 1
}
